{
  "name": "@ashwath/logger",
  "version": "1.0.0",
  "lockfileVersion": 3,
  "requires": true,
  "packages": {
    "": {
      "name": "@ashwath/logger",
      "version": "1.0.0",
      "license": "ISC",
      "workspaces": [
        "packages/*"
      ],
      "dependencies": {
        "@ashwath/logger": "^1.0.0"
      }
    },
    "node_modules/@ashwath/logger": {
      "resolved": "packages/logger",
      "link": true
    },
    "packages/logger": {
      "name": "@ashwath/logger",
      "version": "1.0.0",
      "license": "ISC"
    }
  }
}
